
Microsoft Visual Studio Solution File, Format Version 12.00
# Visual Studio Version 17
VisualStudioVersion = 17.9.34714.143
MinimumVisualStudioVersion = 10.0.40219.1
Project("{FAE04EC0-301F-11D3-BF4B-00C04F79EFBC}") = "ArmorRocket", "ArmorRocket\ArmorRocket.csproj", "{B9D8BD52-2988-4244-837A-F78F9DC589C5}"
EndProject
Global
	GlobalSection(SolutionConfigurationPlatforms) = preSolution
		Debug|Any CPU = Debug|Any CPU
		Release|Any CPU = Release|Any CPU
	EndGlobalSection
	GlobalSection(ProjectConfigurationPlatforms) = postSolution
		{B9D8BD52-2988-4244-837A-F78F9DC589C5}.Debug|Any CPU.ActiveCfg = Debug|Any CPU
		{B9D8BD52-2988-4244-837A-F78F9DC589C5}.Debug|Any CPU.Build.0 = Debug|Any CPU
		{B9D8BD52-2988-4244-837A-F78F9DC589C5}.Release|Any CPU.ActiveCfg = Release|Any CPU
		{B9D8BD52-2988-4244-837A-F78F9DC589C5}.Release|Any CPU.Build.0 = Release|Any CPU
	EndGlobalSection
	GlobalSection(SolutionProperties) = preSolution
		HideSolutionNode = FALSE
	EndGlobalSection
	GlobalSection(ExtensibilityGlobals) = postSolution
		SolutionGuid = {44BD72E5-4489-42F9-99CC-4D3CE68335C5}
	EndGlobalSection
EndGlobal
